
Microsoft Visual Studio Solution File, Format Version 12.00
# Visual Studio Version 16
VisualStudioVersion = 16.0.30413.136
MinimumVisualStudioVersion = 10.0.40219.1
Project("{FAE04EC0-301F-11D3-BF4B-00C04F79EFBC}") = "Tugas Week 15", "Tugas Week 15\Tugas Week 15.csproj", "{12EBDBAB-C6AF-4B02-943F-5EE083EDEE6A}"
EndProject
Global
	GlobalSection(SolutionConfigurationPlatforms) = preSolution
		Debug|Any CPU = Debug|Any CPU
		Release|Any CPU = Release|Any CPU
	EndGlobalSection
	GlobalSection(ProjectConfigurationPlatforms) = postSolution
		{12EBDBAB-C6AF-4B02-943F-5EE083EDEE6A}.Debug|Any CPU.ActiveCfg = Debug|Any CPU
		{12EBDBAB-C6AF-4B02-943F-5EE083EDEE6A}.Debug|Any CPU.Build.0 = Debug|Any CPU
		{12EBDBAB-C6AF-4B02-943F-5EE083EDEE6A}.Release|Any CPU.ActiveCfg = Release|Any CPU
		{12EBDBAB-C6AF-4B02-943F-5EE083EDEE6A}.Release|Any CPU.Build.0 = Release|Any CPU
	EndGlobalSection
	GlobalSection(SolutionProperties) = preSolution
		HideSolutionNode = FALSE
	EndGlobalSection
	GlobalSection(ExtensibilityGlobals) = postSolution
		SolutionGuid = {01C14508-80CF-477C-BAC9-D995CC728B61}
	EndGlobalSection
EndGlobal
